PODS:
  - Flutter (1.0.0)
  - PhoneNumberKit/PhoneNumberKitCore (3.5.8)

DEPENDENCIES:
  - Flutter (from `Flutter`)
  - PhoneNumberKit/PhoneNumberKitCore (from `https://github.com/marmelroy/PhoneNumberKit`, tag `3.5.8`)

EXTERNAL SOURCES:
  Flutter:
    :path: Flutter
  PhoneNumberKit:
    :git: https://github.com/marmelroy/PhoneNumberKit
    :tag: 3.5.8

CHECKOUT OPTIONS:
  PhoneNumberKit:
    :git: https://github.com/marmelroy/PhoneNumberKit
    :tag: 3.5.8

SPEC CHECKSUMS:
  Flutter: e0871f40cf51350855a761d2e70bf5af5b9b5de7
  PhoneNumberKit: dede04da86b5b31c907b61da3a078db5ec20b035

PODFILE CHECKSUM: bad37e9f72455987ded49be7d685faa182001fad

COCOAPODS: 1.15.2
